
Microsoft Visual Studio Solution File, Format Version 12.00
# Visual Studio Version 16
VisualStudioVersion = 16.0.28714.193
MinimumVisualStudioVersion = 10.0.40219.1
Project("{9A19103F-16F7-4668-BE54-9A1E7A4F7556}") = "CustomRuntimeExample", "CustomRuntimeExample\CustomRuntimeExample.csproj", "{4D347D66-76CD-41CD-98AF-CD92C86A344A}"
EndProject
Global
	GlobalSection(SolutionConfigurationPlatforms) = preSolution
		Debug|Any CPU = Debug|Any CPU
		Release|Any CPU = Release|Any CPU
	EndGlobalSection
	GlobalSection(ProjectConfigurationPlatforms) = postSolution
		{4D347D66-76CD-41CD-98AF-CD92C86A344A}.Debug|Any CPU.ActiveCfg = Debug|Any CPU
		{4D347D66-76CD-41CD-98AF-CD92C86A344A}.Debug|Any CPU.Build.0 = Debug|Any CPU
		{4D347D66-76CD-41CD-98AF-CD92C86A344A}.Release|Any CPU.ActiveCfg = Release|Any CPU
		{4D347D66-76CD-41CD-98AF-CD92C86A344A}.Release|Any CPU.Build.0 = Release|Any CPU
	EndGlobalSection
	GlobalSection(SolutionProperties) = preSolution
		HideSolutionNode = FALSE
	EndGlobalSection
	GlobalSection(ExtensibilityGlobals) = postSolution
		SolutionGuid = {E39CC1A8-7335-4011-AC4E-2FDEAA99ACB7}
	EndGlobalSection
EndGlobal
