
Microsoft Visual Studio Solution File, Format Version 12.00
# Visual Studio 15
VisualStudioVersion = 15.0.28010.2041
MinimumVisualStudioVersion = 10.0.40219.1
Project("{2150E333-8FDC-42A3-9474-1A3956D46DE8}") = "GalleryGenerator", "GalleryGenerator", "{2A4B5949-96F8-4D40-B35E-143E2DDE9FF5}"
EndProject
Project("{9A19103F-16F7-4668-BE54-9A1E7A4F7556}") = "ProcessRawImage", "GalleryGenerator\ProcessRawImage\ProcessRawImage.csproj", "{8D3AD06A-5565-40C2-A7CF-337F458EDE56}"
EndProject
Project("{9A19103F-16F7-4668-BE54-9A1E7A4F7556}") = "ZipExpanderConsole", "GalleryGenerator\ZipExpanderConsole\ZipExpanderConsole.csproj", "{C9BADFD5-449B-4A22-BC43-55764D9FAC7E}"
EndProject
Global
	GlobalSection(SolutionConfigurationPlatforms) = preSolution
		Debug|Any CPU = Debug|Any CPU
		Release|Any CPU = Release|Any CPU
	EndGlobalSection
	GlobalSection(ProjectConfigurationPlatforms) = postSolution
		{8D3AD06A-5565-40C2-A7CF-337F458EDE56}.Debug|Any CPU.ActiveCfg = Debug|Any CPU
		{8D3AD06A-5565-40C2-A7CF-337F458EDE56}.Debug|Any CPU.Build.0 = Debug|Any CPU
		{8D3AD06A-5565-40C2-A7CF-337F458EDE56}.Release|Any CPU.ActiveCfg = Release|Any CPU
		{8D3AD06A-5565-40C2-A7CF-337F458EDE56}.Release|Any CPU.Build.0 = Release|Any CPU
		{C9BADFD5-449B-4A22-BC43-55764D9FAC7E}.Debug|Any CPU.ActiveCfg = Debug|Any CPU
		{C9BADFD5-449B-4A22-BC43-55764D9FAC7E}.Debug|Any CPU.Build.0 = Debug|Any CPU
		{C9BADFD5-449B-4A22-BC43-55764D9FAC7E}.Release|Any CPU.ActiveCfg = Release|Any CPU
		{C9BADFD5-449B-4A22-BC43-55764D9FAC7E}.Release|Any CPU.Build.0 = Release|Any CPU
	EndGlobalSection
	GlobalSection(SolutionProperties) = preSolution
		HideSolutionNode = FALSE
	EndGlobalSection
	GlobalSection(NestedProjects) = preSolution
		{8D3AD06A-5565-40C2-A7CF-337F458EDE56} = {2A4B5949-96F8-4D40-B35E-143E2DDE9FF5}
		{C9BADFD5-449B-4A22-BC43-55764D9FAC7E} = {2A4B5949-96F8-4D40-B35E-143E2DDE9FF5}
	EndGlobalSection
	GlobalSection(ExtensibilityGlobals) = postSolution
		SolutionGuid = {99499913-283A-4DEA-BB5F-EADBFE2C8FCF}
	EndGlobalSection
EndGlobal
